dependencies:
- name: ckeditor-cs
  repository: file://../ckeditor-cs
  version: 1.0.0
- name: mysql
  repository: file://../misc/mysql
  version: 1.0.0
- name: redis
  repository: file://../misc/redis
  version: 1.0.0
digest: sha256:b81eca8903d4fe5364d6db328840e94a619c58d549d411bab8144103e706153b
generated: "2025-09-18T19:10:45.532918+02:00"
