dependencies:
- name: ckbox
  repository: file://../ckbox
  version: 1.0.0
- name: mysql
  repository: file://../misc/mysql
  version: 1.0.0
- name: redis
  repository: file://../misc/redis
  version: 1.0.0
digest: sha256:689c1146d0abc18fb45e3a63c9b7fa2622f533899c95a9f20d3f9ffa60544f6f
generated: "2025-09-18T19:34:12.39294+02:00"
